
Microsoft Visual Studio Solution File, Format Version 12.00
# Visual Studio 15
VisualStudioVersion = 15.0.26124.0
MinimumVisualStudioVersion = 15.0.26124.0
Project("{2150E333-8FDC-42A3-9474-1A3956D46DE8}") = "src", "src", "{582F177D-EFCF-46EB-A417-FF7CE40E094A}"
EndProject
Project("{FAE04EC0-301F-11D3-BF4B-00C04F79EFBC}") = "NATS.Mapper.Server", "src\NATS.Mapper.Server\NATS.Mapper.Server.csproj", "{4885D1F3-6AD1-4D60-A307-F2E9F3D014CF}"
EndProject
Project("{FAE04EC0-301F-11D3-BF4B-00C04F79EFBC}") = "NATS.Mapper.Client", "src\NATS.Mapper.Client\NATS.Mapper.Client.csproj", "{D292A108-C68C-4CC4-B1F8-A7D81FE4CE2F}"
EndProject
Global
	GlobalSection(SolutionConfigurationPlatforms) = preSolution
		Debug|Any CPU = Debug|Any CPU
		Debug|x64 = Debug|x64
		Debug|x86 = Debug|x86
		Release|Any CPU = Release|Any CPU
		Release|x64 = Release|x64
		Release|x86 = Release|x86
	EndGlobalSection
	GlobalSection(SolutionProperties) = preSolution
		HideSolutionNode = FALSE
	EndGlobalSection
	GlobalSection(ProjectConfigurationPlatforms) = postSolution
		{4885D1F3-6AD1-4D60-A307-F2E9F3D014CF}.Debug|Any CPU.ActiveCfg = Debug|Any CPU
		{4885D1F3-6AD1-4D60-A307-F2E9F3D014CF}.Debug|Any CPU.Build.0 = Debug|Any CPU
		{4885D1F3-6AD1-4D60-A307-F2E9F3D014CF}.Debug|x64.ActiveCfg = Debug|Any CPU
		{4885D1F3-6AD1-4D60-A307-F2E9F3D014CF}.Debug|x64.Build.0 = Debug|Any CPU
		{4885D1F3-6AD1-4D60-A307-F2E9F3D014CF}.Debug|x86.ActiveCfg = Debug|Any CPU
		{4885D1F3-6AD1-4D60-A307-F2E9F3D014CF}.Debug|x86.Build.0 = Debug|Any CPU
		{4885D1F3-6AD1-4D60-A307-F2E9F3D014CF}.Release|Any CPU.ActiveCfg = Release|Any CPU
		{4885D1F3-6AD1-4D60-A307-F2E9F3D014CF}.Release|Any CPU.Build.0 = Release|Any CPU
		{4885D1F3-6AD1-4D60-A307-F2E9F3D014CF}.Release|x64.ActiveCfg = Release|Any CPU
		{4885D1F3-6AD1-4D60-A307-F2E9F3D014CF}.Release|x64.Build.0 = Release|Any CPU
		{4885D1F3-6AD1-4D60-A307-F2E9F3D014CF}.Release|x86.ActiveCfg = Release|Any CPU
		{4885D1F3-6AD1-4D60-A307-F2E9F3D014CF}.Release|x86.Build.0 = Release|Any CPU
		{D292A108-C68C-4CC4-B1F8-A7D81FE4CE2F}.Debug|Any CPU.ActiveCfg = Debug|Any CPU
		{D292A108-C68C-4CC4-B1F8-A7D81FE4CE2F}.Debug|Any CPU.Build.0 = Debug|Any CPU
		{D292A108-C68C-4CC4-B1F8-A7D81FE4CE2F}.Debug|x64.ActiveCfg = Debug|Any CPU
		{D292A108-C68C-4CC4-B1F8-A7D81FE4CE2F}.Debug|x64.Build.0 = Debug|Any CPU
		{D292A108-C68C-4CC4-B1F8-A7D81FE4CE2F}.Debug|x86.ActiveCfg = Debug|Any CPU
		{D292A108-C68C-4CC4-B1F8-A7D81FE4CE2F}.Debug|x86.Build.0 = Debug|Any CPU
		{D292A108-C68C-4CC4-B1F8-A7D81FE4CE2F}.Release|Any CPU.ActiveCfg = Release|Any CPU
		{D292A108-C68C-4CC4-B1F8-A7D81FE4CE2F}.Release|Any CPU.Build.0 = Release|Any CPU
		{D292A108-C68C-4CC4-B1F8-A7D81FE4CE2F}.Release|x64.ActiveCfg = Release|Any CPU
		{D292A108-C68C-4CC4-B1F8-A7D81FE4CE2F}.Release|x64.Build.0 = Release|Any CPU
		{D292A108-C68C-4CC4-B1F8-A7D81FE4CE2F}.Release|x86.ActiveCfg = Release|Any CPU
		{D292A108-C68C-4CC4-B1F8-A7D81FE4CE2F}.Release|x86.Build.0 = Release|Any CPU
	EndGlobalSection
	GlobalSection(NestedProjects) = preSolution
		{4885D1F3-6AD1-4D60-A307-F2E9F3D014CF} = {582F177D-EFCF-46EB-A417-FF7CE40E094A}
		{D292A108-C68C-4CC4-B1F8-A7D81FE4CE2F} = {582F177D-EFCF-46EB-A417-FF7CE40E094A}
	EndGlobalSection
EndGlobal
